
Microsoft Visual Studio Solution File, Format Version 12.00
# Visual Studio Version 17
VisualStudioVersion = 17.5.002.0
MinimumVisualStudioVersion = 10.0.40219.1
Project("{9A19103F-16F7-4668-BE54-9A1E7A4F7556}") = "Dominio", "Dominio\Dominio.csproj", "{3B8D8294-C0C3-4E8A-B6B2-0B814C5B5118}"
EndProject
Project("{2150E333-8FDC-42A3-9474-1A3956D46DE8}") = "NewApp", "NewApp", "{566EE99A-F1CF-4C0B-A3F7-548D6FCD4002}"
EndProject
Project("{9A19103F-16F7-4668-BE54-9A1E7A4F7556}") = "NewApp", "NewApp\NewApp\NewApp.csproj", "{CEC0C20A-8D82-4F38-B53C-FF7FE4FF8183}"
EndProject
Project("{9A19103F-16F7-4668-BE54-9A1E7A4F7556}") = "NewApp.Client", "NewApp\NewApp.Client\NewApp.Client.csproj", "{1E2B5290-D644-4BB6-B8A3-5C238C462450}"
EndProject
Global
	GlobalSection(SolutionConfigurationPlatforms) = preSolution
		Debug|Any CPU = Debug|Any CPU
		Release|Any CPU = Release|Any CPU
	EndGlobalSection
	GlobalSection(ProjectConfigurationPlatforms) = postSolution
		{3B8D8294-C0C3-4E8A-B6B2-0B814C5B5118}.Debug|Any CPU.ActiveCfg = Debug|Any CPU
		{3B8D8294-C0C3-4E8A-B6B2-0B814C5B5118}.Debug|Any CPU.Build.0 = Debug|Any CPU
		{3B8D8294-C0C3-4E8A-B6B2-0B814C5B5118}.Release|Any CPU.ActiveCfg = Release|Any CPU
		{3B8D8294-C0C3-4E8A-B6B2-0B814C5B5118}.Release|Any CPU.Build.0 = Release|Any CPU
		{CEC0C20A-8D82-4F38-B53C-FF7FE4FF8183}.Debug|Any CPU.ActiveCfg = Debug|Any CPU
		{CEC0C20A-8D82-4F38-B53C-FF7FE4FF8183}.Debug|Any CPU.Build.0 = Debug|Any CPU
		{CEC0C20A-8D82-4F38-B53C-FF7FE4FF8183}.Release|Any CPU.ActiveCfg = Release|Any CPU
		{CEC0C20A-8D82-4F38-B53C-FF7FE4FF8183}.Release|Any CPU.Build.0 = Release|Any CPU
		{1E2B5290-D644-4BB6-B8A3-5C238C462450}.Debug|Any CPU.ActiveCfg = Debug|Any CPU
		{1E2B5290-D644-4BB6-B8A3-5C238C462450}.Debug|Any CPU.Build.0 = Debug|Any CPU
		{1E2B5290-D644-4BB6-B8A3-5C238C462450}.Release|Any CPU.ActiveCfg = Release|Any CPU
		{1E2B5290-D644-4BB6-B8A3-5C238C462450}.Release|Any CPU.Build.0 = Release|Any CPU
	EndGlobalSection
	GlobalSection(SolutionProperties) = preSolution
		HideSolutionNode = FALSE
	EndGlobalSection
	GlobalSection(NestedProjects) = preSolution
		{CEC0C20A-8D82-4F38-B53C-FF7FE4FF8183} = {566EE99A-F1CF-4C0B-A3F7-548D6FCD4002}
		{1E2B5290-D644-4BB6-B8A3-5C238C462450} = {566EE99A-F1CF-4C0B-A3F7-548D6FCD4002}
	EndGlobalSection
	GlobalSection(ExtensibilityGlobals) = postSolution
		SolutionGuid = {82E86416-2638-4215-947F-602C9EAE4045}
	EndGlobalSection
EndGlobal
